
Microsoft Visual Studio Solution File, Format Version 12.00
# Visual Studio Version 16
VisualStudioVersion = 16.0.810.2
MinimumVisualStudioVersion = 10.0.40219.1
Project("{2150E333-8FDC-42A3-9474-1A3956D46DE8}") = "Tests", "Tests", "{ACCF18BC-42B5-4654-AAB6-BCC7E51A5656}"
EndProject
Project("{9A19103F-16F7-4668-BE54-9A1E7A4F7556}") = "Zero.Game.Common", "Zero.Game.Common\Zero.Game.Common.csproj", "{B8465B7A-9EC2-495C-B623-20D747F57517}"
EndProject
Project("{9A19103F-16F7-4668-BE54-9A1E7A4F7556}") = "Zero.Game.Client", "Zero.Game.Client\Zero.Game.Client.csproj", "{A53275DB-A848-4792-ABDD-2D7CAE43C650}"
EndProject
Project("{9A19103F-16F7-4668-BE54-9A1E7A4F7556}") = "Zero.Game.Server", "Zero.Game.Server\Zero.Game.Server.csproj", "{401631CD-5F06-4D6B-A4FF-8FE1BCA79F4B}"
EndProject
Project("{9A19103F-16F7-4668-BE54-9A1E7A4F7556}") = "Zero.Game.Shared", "Zero.Game.Shared\Zero.Game.Shared.csproj", "{E7D8D9E5-7DFC-4895-8B01-0C5B7FE33EFA}"
EndProject
Project("{9A19103F-16F7-4668-BE54-9A1E7A4F7556}") = "Zero.Game.Tests", "Zero.Game.Tests\Zero.Game.Tests.csproj", "{BA972018-8F28-4DD6-9221-D4EF45948F5A}"
EndProject
Project("{9A19103F-16F7-4668-BE54-9A1E7A4F7556}") = "Zero.Game.Local", "Zero.Game.Local\Zero.Game.Local.csproj", "{A9E8A854-E10D-41F5-B1D3-BB448FB81EA0}"
EndProject
Global
	GlobalSection(SolutionConfigurationPlatforms) = preSolution
		Debug|Any CPU = Debug|Any CPU
		Release|Any CPU = Release|Any CPU
	EndGlobalSection
	GlobalSection(ProjectConfigurationPlatforms) = postSolution
		{B8465B7A-9EC2-495C-B623-20D747F57517}.Debug|Any CPU.ActiveCfg = Debug|Any CPU
		{B8465B7A-9EC2-495C-B623-20D747F57517}.Debug|Any CPU.Build.0 = Debug|Any CPU
		{B8465B7A-9EC2-495C-B623-20D747F57517}.Release|Any CPU.ActiveCfg = Release|Any CPU
		{B8465B7A-9EC2-495C-B623-20D747F57517}.Release|Any CPU.Build.0 = Release|Any CPU
		{A53275DB-A848-4792-ABDD-2D7CAE43C650}.Debug|Any CPU.ActiveCfg = Debug|Any CPU
		{A53275DB-A848-4792-ABDD-2D7CAE43C650}.Debug|Any CPU.Build.0 = Debug|Any CPU
		{A53275DB-A848-4792-ABDD-2D7CAE43C650}.Release|Any CPU.ActiveCfg = Release|Any CPU
		{A53275DB-A848-4792-ABDD-2D7CAE43C650}.Release|Any CPU.Build.0 = Release|Any CPU
		{401631CD-5F06-4D6B-A4FF-8FE1BCA79F4B}.Debug|Any CPU.ActiveCfg = Debug|Any CPU
		{401631CD-5F06-4D6B-A4FF-8FE1BCA79F4B}.Debug|Any CPU.Build.0 = Debug|Any CPU
		{401631CD-5F06-4D6B-A4FF-8FE1BCA79F4B}.Release|Any CPU.ActiveCfg = Release|Any CPU
		{401631CD-5F06-4D6B-A4FF-8FE1BCA79F4B}.Release|Any CPU.Build.0 = Release|Any CPU
		{E7D8D9E5-7DFC-4895-8B01-0C5B7FE33EFA}.Debug|Any CPU.ActiveCfg = Debug|Any CPU
		{E7D8D9E5-7DFC-4895-8B01-0C5B7FE33EFA}.Debug|Any CPU.Build.0 = Debug|Any CPU
		{E7D8D9E5-7DFC-4895-8B01-0C5B7FE33EFA}.Release|Any CPU.ActiveCfg = Release|Any CPU
		{E7D8D9E5-7DFC-4895-8B01-0C5B7FE33EFA}.Release|Any CPU.Build.0 = Release|Any CPU
		{BA972018-8F28-4DD6-9221-D4EF45948F5A}.Debug|Any CPU.ActiveCfg = Debug|Any CPU
		{BA972018-8F28-4DD6-9221-D4EF45948F5A}.Debug|Any CPU.Build.0 = Debug|Any CPU
		{BA972018-8F28-4DD6-9221-D4EF45948F5A}.Release|Any CPU.ActiveCfg = Release|Any CPU
		{BA972018-8F28-4DD6-9221-D4EF45948F5A}.Release|Any CPU.Build.0 = Release|Any CPU
		{A9E8A854-E10D-41F5-B1D3-BB448FB81EA0}.Debug|Any CPU.ActiveCfg = Debug|Any CPU
		{A9E8A854-E10D-41F5-B1D3-BB448FB81EA0}.Debug|Any CPU.Build.0 = Debug|Any CPU
		{A9E8A854-E10D-41F5-B1D3-BB448FB81EA0}.Release|Any CPU.ActiveCfg = Release|Any CPU
		{A9E8A854-E10D-41F5-B1D3-BB448FB81EA0}.Release|Any CPU.Build.0 = Release|Any CPU
	EndGlobalSection
	GlobalSection(SolutionProperties) = preSolution
		HideSolutionNode = FALSE
	EndGlobalSection
	GlobalSection(NestedProjects) = preSolution
		{BA972018-8F28-4DD6-9221-D4EF45948F5A} = {ACCF18BC-42B5-4654-AAB6-BCC7E51A5656}
	EndGlobalSection
	GlobalSection(ExtensibilityGlobals) = postSolution
		SolutionGuid = {94AC4DF3-C355-4874-8032-0946D108A6E4}
	EndGlobalSection
EndGlobal
